
Microsoft Visual Studio Solution File, Format Version 12.00
# Visual Studio Version 17
VisualStudioVersion = 17.7.34202.233
MinimumVisualStudioVersion = 10.0.40219.1
Project("{FAE04EC0-301F-11D3-BF4B-00C04F79EFBC}") = "01. Students", "01. Students\01. Students.csproj", "{D8DCAF03-3976-49D9-BD50-83F84255A23D}"
EndProject
Project("{FAE04EC0-301F-11D3-BF4B-00C04F79EFBC}") = "00. Demo", "00. Demo\00. Demo.csproj", "{042CBEBE-EDFB-441E-91A1-ECC534F7E47C}"
EndProject
Global
	GlobalSection(SolutionConfigurationPlatforms) = preSolution
		Debug|Any CPU = Debug|Any CPU
		Release|Any CPU = Release|Any CPU
	EndGlobalSection
	GlobalSection(ProjectConfigurationPlatforms) = postSolution
		{D8DCAF03-3976-49D9-BD50-83F84255A23D}.Debug|Any CPU.ActiveCfg = Debug|Any CPU
		{D8DCAF03-3976-49D9-BD50-83F84255A23D}.Debug|Any CPU.Build.0 = Debug|Any CPU
		{D8DCAF03-3976-49D9-BD50-83F84255A23D}.Release|Any CPU.ActiveCfg = Release|Any CPU
		{D8DCAF03-3976-49D9-BD50-83F84255A23D}.Release|Any CPU.Build.0 = Release|Any CPU
		{042CBEBE-EDFB-441E-91A1-ECC534F7E47C}.Debug|Any CPU.ActiveCfg = Debug|Any CPU
		{042CBEBE-EDFB-441E-91A1-ECC534F7E47C}.Debug|Any CPU.Build.0 = Debug|Any CPU
		{042CBEBE-EDFB-441E-91A1-ECC534F7E47C}.Release|Any CPU.ActiveCfg = Release|Any CPU
		{042CBEBE-EDFB-441E-91A1-ECC534F7E47C}.Release|Any CPU.Build.0 = Release|Any CPU
	EndGlobalSection
	GlobalSection(SolutionProperties) = preSolution
		HideSolutionNode = FALSE
	EndGlobalSection
	GlobalSection(ExtensibilityGlobals) = postSolution
		SolutionGuid = {CDE362CC-3C5E-4A34-9B09-AF33FB4483E2}
	EndGlobalSection
EndGlobal
