
Microsoft Visual Studio Solution File, Format Version 12.00
# Visual Studio Version 17
VisualStudioVersion = 17.8.34525.116
MinimumVisualStudioVersion = 10.0.40219.1
Project("{FAE04EC0-301F-11D3-BF4B-00C04F79EFBC}") = "WebDriverWikiTest", "WebDriverWikiTest.csproj", "{4AD8A629-D192-4CCD-8CB1-38FB8BCB4671}"
EndProject
Project("{FAE04EC0-301F-11D3-BF4B-00C04F79EFBC}") = "WikipediaNUnitProject", "..\WikipediaNUnitProject\WikipediaNUnitProject.csproj", "{AC1E0856-D857-4C55-9CA4-868B9AA75355}"
EndProject
Global
	GlobalSection(SolutionConfigurationPlatforms) = preSolution
		Debug|Any CPU = Debug|Any CPU
		Release|Any CPU = Release|Any CPU
	EndGlobalSection
	GlobalSection(ProjectConfigurationPlatforms) = postSolution
		{4AD8A629-D192-4CCD-8CB1-38FB8BCB4671}.Debug|Any CPU.ActiveCfg = Debug|Any CPU
		{4AD8A629-D192-4CCD-8CB1-38FB8BCB4671}.Debug|Any CPU.Build.0 = Debug|Any CPU
		{4AD8A629-D192-4CCD-8CB1-38FB8BCB4671}.Release|Any CPU.ActiveCfg = Release|Any CPU
		{4AD8A629-D192-4CCD-8CB1-38FB8BCB4671}.Release|Any CPU.Build.0 = Release|Any CPU
		{AC1E0856-D857-4C55-9CA4-868B9AA75355}.Debug|Any CPU.ActiveCfg = Debug|Any CPU
		{AC1E0856-D857-4C55-9CA4-868B9AA75355}.Debug|Any CPU.Build.0 = Debug|Any CPU
		{AC1E0856-D857-4C55-9CA4-868B9AA75355}.Release|Any CPU.ActiveCfg = Release|Any CPU
		{AC1E0856-D857-4C55-9CA4-868B9AA75355}.Release|Any CPU.Build.0 = Release|Any CPU
	EndGlobalSection
	GlobalSection(SolutionProperties) = preSolution
		HideSolutionNode = FALSE
	EndGlobalSection
	GlobalSection(ExtensibilityGlobals) = postSolution
		SolutionGuid = {36256003-97B8-4AEE-8924-1AAD7EA45BD1}
	EndGlobalSection
EndGlobal
