
Microsoft Visual Studio Solution File, Format Version 12.00
# Visual Studio Version 17
VisualStudioVersion = 17.7.34202.233
MinimumVisualStudioVersion = 10.0.40219.1
Project("{9A19103F-16F7-4668-BE54-9A1E7A4F7556}") = "00. Demo1", "00. Demo1\00. Demo1.csproj", "{E2532319-5C5B-4A84-8433-C2CAC9645D9F}"
EndProject
Project("{9A19103F-16F7-4668-BE54-9A1E7A4F7556}") = "01. Songs", "01. Songs\01. Songs.csproj", "{CD66F268-1CB9-432E-803F-508F36BFFDBD}"
EndProject
Project("{9A19103F-16F7-4668-BE54-9A1E7A4F7556}") = "02. Students", "02. Students\02. Students.csproj", "{37DA0E91-2D1F-4EA4-A14E-353C320B99BB}"
EndProject
Project("{9A19103F-16F7-4668-BE54-9A1E7A4F7556}") = "03. Store Boxes", "03. Store Boxes\03. Store Boxes.csproj", "{9DA64748-62F9-4D2D-8665-2FF6BAEEF7F1}"
EndProject
Project("{FAE04EC0-301F-11D3-BF4B-00C04F79EFBC}") = "04. Vehicle Catalogue", "04. Vehicle Catalogue\04. Vehicle Catalogue.csproj", "{25B00CDA-1A5A-4C15-9A9D-2318D05A0606}"
EndProject
Global
	GlobalSection(SolutionConfigurationPlatforms) = preSolution
		Debug|Any CPU = Debug|Any CPU
		Release|Any CPU = Release|Any CPU
	EndGlobalSection
	GlobalSection(ProjectConfigurationPlatforms) = postSolution
		{E2532319-5C5B-4A84-8433-C2CAC9645D9F}.Debug|Any CPU.ActiveCfg = Debug|Any CPU
		{E2532319-5C5B-4A84-8433-C2CAC9645D9F}.Debug|Any CPU.Build.0 = Debug|Any CPU
		{E2532319-5C5B-4A84-8433-C2CAC9645D9F}.Release|Any CPU.ActiveCfg = Release|Any CPU
		{E2532319-5C5B-4A84-8433-C2CAC9645D9F}.Release|Any CPU.Build.0 = Release|Any CPU
		{CD66F268-1CB9-432E-803F-508F36BFFDBD}.Debug|Any CPU.ActiveCfg = Debug|Any CPU
		{CD66F268-1CB9-432E-803F-508F36BFFDBD}.Debug|Any CPU.Build.0 = Debug|Any CPU
		{CD66F268-1CB9-432E-803F-508F36BFFDBD}.Release|Any CPU.ActiveCfg = Release|Any CPU
		{CD66F268-1CB9-432E-803F-508F36BFFDBD}.Release|Any CPU.Build.0 = Release|Any CPU
		{37DA0E91-2D1F-4EA4-A14E-353C320B99BB}.Debug|Any CPU.ActiveCfg = Debug|Any CPU
		{37DA0E91-2D1F-4EA4-A14E-353C320B99BB}.Debug|Any CPU.Build.0 = Debug|Any CPU
		{37DA0E91-2D1F-4EA4-A14E-353C320B99BB}.Release|Any CPU.ActiveCfg = Release|Any CPU
		{37DA0E91-2D1F-4EA4-A14E-353C320B99BB}.Release|Any CPU.Build.0 = Release|Any CPU
		{9DA64748-62F9-4D2D-8665-2FF6BAEEF7F1}.Debug|Any CPU.ActiveCfg = Debug|Any CPU
		{9DA64748-62F9-4D2D-8665-2FF6BAEEF7F1}.Debug|Any CPU.Build.0 = Debug|Any CPU
		{9DA64748-62F9-4D2D-8665-2FF6BAEEF7F1}.Release|Any CPU.ActiveCfg = Release|Any CPU
		{9DA64748-62F9-4D2D-8665-2FF6BAEEF7F1}.Release|Any CPU.Build.0 = Release|Any CPU
		{25B00CDA-1A5A-4C15-9A9D-2318D05A0606}.Debug|Any CPU.ActiveCfg = Debug|Any CPU
		{25B00CDA-1A5A-4C15-9A9D-2318D05A0606}.Debug|Any CPU.Build.0 = Debug|Any CPU
		{25B00CDA-1A5A-4C15-9A9D-2318D05A0606}.Release|Any CPU.ActiveCfg = Release|Any CPU
		{25B00CDA-1A5A-4C15-9A9D-2318D05A0606}.Release|Any CPU.Build.0 = Release|Any CPU
	EndGlobalSection
	GlobalSection(SolutionProperties) = preSolution
		HideSolutionNode = FALSE
	EndGlobalSection
	GlobalSection(ExtensibilityGlobals) = postSolution
		SolutionGuid = {F0E475E7-2A61-46FC-9234-887D799FD5A2}
	EndGlobalSection
EndGlobal
