
Microsoft Visual Studio Solution File, Format Version 12.00
# Visual Studio Version 17
VisualStudioVersion = 17.7.34202.233
MinimumVisualStudioVersion = 10.0.40219.1
Project("{FAE04EC0-301F-11D3-BF4B-00C04F79EFBC}") = "01. Sum Factorial Even Digits", "01. Sum Factorial Even Digits\01. Sum Factorial Even Digits.csproj", "{75FDA5EB-6C1E-4096-B7B2-015E468ADF4A}"
EndProject
Project("{FAE04EC0-301F-11D3-BF4B-00C04F79EFBC}") = "02. Middle Elements", "02. Middle Elements\02. Middle Elements.csproj", "{3FFB21E4-5C75-414C-AB64-B8A3E38F1345}"
EndProject
Global
	GlobalSection(SolutionConfigurationPlatforms) = preSolution
		Debug|Any CPU = Debug|Any CPU
		Release|Any CPU = Release|Any CPU
	EndGlobalSection
	GlobalSection(ProjectConfigurationPlatforms) = postSolution
		{75FDA5EB-6C1E-4096-B7B2-015E468ADF4A}.Debug|Any CPU.ActiveCfg = Debug|Any CPU
		{75FDA5EB-6C1E-4096-B7B2-015E468ADF4A}.Debug|Any CPU.Build.0 = Debug|Any CPU
		{75FDA5EB-6C1E-4096-B7B2-015E468ADF4A}.Release|Any CPU.ActiveCfg = Release|Any CPU
		{75FDA5EB-6C1E-4096-B7B2-015E468ADF4A}.Release|Any CPU.Build.0 = Release|Any CPU
		{3FFB21E4-5C75-414C-AB64-B8A3E38F1345}.Debug|Any CPU.ActiveCfg = Debug|Any CPU
		{3FFB21E4-5C75-414C-AB64-B8A3E38F1345}.Debug|Any CPU.Build.0 = Debug|Any CPU
		{3FFB21E4-5C75-414C-AB64-B8A3E38F1345}.Release|Any CPU.ActiveCfg = Release|Any CPU
		{3FFB21E4-5C75-414C-AB64-B8A3E38F1345}.Release|Any CPU.Build.0 = Release|Any CPU
	EndGlobalSection
	GlobalSection(SolutionProperties) = preSolution
		HideSolutionNode = FALSE
	EndGlobalSection
	GlobalSection(ExtensibilityGlobals) = postSolution
		SolutionGuid = {24ED1CE0-D8F8-4E96-822E-74192AE119D0}
	EndGlobalSection
EndGlobal
