
Microsoft Visual Studio Solution File, Format Version 12.00
# Visual Studio Version 17
VisualStudioVersion = 17.7.34221.43
MinimumVisualStudioVersion = 10.0.40219.1
Project("{FAE04EC0-301F-11D3-BF4B-00C04F79EFBC}") = "MoviesLibraryAPI", "MoviesLibraryAPI\MoviesLibraryAPI.csproj", "{9FE8FC89-BFBC-44C1-95B1-4A7CF0BFB201}"
EndProject
Global
	GlobalSection(SolutionConfigurationPlatforms) = preSolution
		Debug|Any CPU = Debug|Any CPU
		Release|Any CPU = Release|Any CPU
	EndGlobalSection
	GlobalSection(ProjectConfigurationPlatforms) = postSolution
		{9FE8FC89-BFBC-44C1-95B1-4A7CF0BFB201}.Debug|Any CPU.ActiveCfg = Debug|Any CPU
		{9FE8FC89-BFBC-44C1-95B1-4A7CF0BFB201}.Debug|Any CPU.Build.0 = Debug|Any CPU
		{9FE8FC89-BFBC-44C1-95B1-4A7CF0BFB201}.Release|Any CPU.ActiveCfg = Release|Any CPU
		{9FE8FC89-BFBC-44C1-95B1-4A7CF0BFB201}.Release|Any CPU.Build.0 = Release|Any CPU
	EndGlobalSection
	GlobalSection(SolutionProperties) = preSolution
		HideSolutionNode = FALSE
	EndGlobalSection
	GlobalSection(ExtensibilityGlobals) = postSolution
		SolutionGuid = {6E1BE404-9499-40E8-93AC-8C11CE803344}
	EndGlobalSection
EndGlobal
