
Microsoft Visual Studio Solution File, Format Version 12.00
# Visual Studio Version 17
VisualStudioVersion = 17.7.34202.233
MinimumVisualStudioVersion = 10.0.40219.1
Project("{FAE04EC0-301F-11D3-BF4B-00C04F79EFBC}") = "01. English Name of Each Digit", "01. English Name of Each Digit\01. English Name of Each Digit.csproj", "{E2F8CB69-C173-49C8-BA9D-FA4AC61CF62B}"
EndProject
Global
	GlobalSection(SolutionConfigurationPlatforms) = preSolution
		Debug|Any CPU = Debug|Any CPU
		Release|Any CPU = Release|Any CPU
	EndGlobalSection
	GlobalSection(ProjectConfigurationPlatforms) = postSolution
		{E2F8CB69-C173-49C8-BA9D-FA4AC61CF62B}.Debug|Any CPU.ActiveCfg = Debug|Any CPU
		{E2F8CB69-C173-49C8-BA9D-FA4AC61CF62B}.Debug|Any CPU.Build.0 = Debug|Any CPU
		{E2F8CB69-C173-49C8-BA9D-FA4AC61CF62B}.Release|Any CPU.ActiveCfg = Release|Any CPU
		{E2F8CB69-C173-49C8-BA9D-FA4AC61CF62B}.Release|Any CPU.Build.0 = Release|Any CPU
	EndGlobalSection
	GlobalSection(SolutionProperties) = preSolution
		HideSolutionNode = FALSE
	EndGlobalSection
	GlobalSection(ExtensibilityGlobals) = postSolution
		SolutionGuid = {8E094F27-8858-48E2-8F49-7DC88DA9FA45}
	EndGlobalSection
EndGlobal
