
Microsoft Visual Studio Solution File, Format Version 12.00
# Visual Studio Version 17
VisualStudioVersion = 17.7.34202.233
MinimumVisualStudioVersion = 10.0.40219.1
Project("{FAE04EC0-301F-11D3-BF4B-00C04F79EFBC}") = "01. Gauss' Trick", "01. Gauss' Trick\01. Gauss' Trick.csproj", "{60D9961B-67CB-4DF8-AAC0-38EEBAAE4CC6}"
EndProject
Project("{FAE04EC0-301F-11D3-BF4B-00C04F79EFBC}") = "02. Condense Array to Number", "02. Condense Array to Number\02. Condense Array to Number.csproj", "{C15CC9F0-35FA-4540-B688-665436B91F36}"
EndProject
Global
	GlobalSection(SolutionConfigurationPlatforms) = preSolution
		Debug|Any CPU = Debug|Any CPU
		Release|Any CPU = Release|Any CPU
	EndGlobalSection
	GlobalSection(ProjectConfigurationPlatforms) = postSolution
		{60D9961B-67CB-4DF8-AAC0-38EEBAAE4CC6}.Debug|Any CPU.ActiveCfg = Debug|Any CPU
		{60D9961B-67CB-4DF8-AAC0-38EEBAAE4CC6}.Debug|Any CPU.Build.0 = Debug|Any CPU
		{60D9961B-67CB-4DF8-AAC0-38EEBAAE4CC6}.Release|Any CPU.ActiveCfg = Release|Any CPU
		{60D9961B-67CB-4DF8-AAC0-38EEBAAE4CC6}.Release|Any CPU.Build.0 = Release|Any CPU
		{C15CC9F0-35FA-4540-B688-665436B91F36}.Debug|Any CPU.ActiveCfg = Debug|Any CPU
		{C15CC9F0-35FA-4540-B688-665436B91F36}.Debug|Any CPU.Build.0 = Debug|Any CPU
		{C15CC9F0-35FA-4540-B688-665436B91F36}.Release|Any CPU.ActiveCfg = Release|Any CPU
		{C15CC9F0-35FA-4540-B688-665436B91F36}.Release|Any CPU.Build.0 = Release|Any CPU
	EndGlobalSection
	GlobalSection(SolutionProperties) = preSolution
		HideSolutionNode = FALSE
	EndGlobalSection
	GlobalSection(ExtensibilityGlobals) = postSolution
		SolutionGuid = {530EC673-969D-4A67-A7EC-F82D10C58947}
	EndGlobalSection
EndGlobal
