
Microsoft Visual Studio Solution File, Format Version 12.00
# Visual Studio Version 17
VisualStudioVersion = 17.7.34202.233
MinimumVisualStudioVersion = 10.0.40219.1
Project("{9A19103F-16F7-4668-BE54-9A1E7A4F7556}") = "01. Gauss' Trick", "01. Gauss' Trick\01. Gauss' Trick.csproj", "{60D9961B-67CB-4DF8-AAC0-38EEBAAE4CC6}"
EndProject
Project("{9A19103F-16F7-4668-BE54-9A1E7A4F7556}") = "02. Condense Array to Number", "02. Condense Array to Number\02. Condense Array to Number.csproj", "{C15CC9F0-35FA-4540-B688-665436B91F36}"
EndProject
Project("{9A19103F-16F7-4668-BE54-9A1E7A4F7556}") = "03. Merging Lists", "03. Merging Lists\03. Merging Lists.csproj", "{7C4EB495-12A2-418D-B56C-26B69657EF20}"
EndProject
Project("{9A19103F-16F7-4668-BE54-9A1E7A4F7556}") = "04. Sum Adjacent Equal Numbers", "04. Sum Adjacent Equal Numbers\04. Sum Adjacent Equal Numbers.csproj", "{978B99A5-8B1E-42DD-BBAC-36F246B868B0}"
EndProject
Project("{FAE04EC0-301F-11D3-BF4B-00C04F79EFBC}") = "05. Bomb Numbers", "05. Bomb Numbers\05. Bomb Numbers.csproj", "{5283C06B-EAE9-4B66-9660-A974E2DED728}"
EndProject
Project("{FAE04EC0-301F-11D3-BF4B-00C04F79EFBC}") = "06. Cards Game", "06. Cards Game\06. Cards Game.csproj", "{C072FFD5-0A1F-424A-8966-7B59BD7C6E34}"
EndProject
Project("{FAE04EC0-301F-11D3-BF4B-00C04F79EFBC}") = "07. Zig-Zag Arrays", "07. Zig-Zag Arrays\07. Zig-Zag Arrays.csproj", "{882BEF23-73A2-4712-A55C-2CC7922CF2D6}"
EndProject
Project("{FAE04EC0-301F-11D3-BF4B-00C04F79EFBC}") = "08. Array Rotation", "08. Array Rotation\08. Array Rotation.csproj", "{23AAC8D7-875E-4D7B-89C3-2EAAF5BB99B5}"
EndProject
Global
	GlobalSection(SolutionConfigurationPlatforms) = preSolution
		Debug|Any CPU = Debug|Any CPU
		Release|Any CPU = Release|Any CPU
	EndGlobalSection
	GlobalSection(ProjectConfigurationPlatforms) = postSolution
		{60D9961B-67CB-4DF8-AAC0-38EEBAAE4CC6}.Debug|Any CPU.ActiveCfg = Debug|Any CPU
		{60D9961B-67CB-4DF8-AAC0-38EEBAAE4CC6}.Debug|Any CPU.Build.0 = Debug|Any CPU
		{60D9961B-67CB-4DF8-AAC0-38EEBAAE4CC6}.Release|Any CPU.ActiveCfg = Release|Any CPU
		{60D9961B-67CB-4DF8-AAC0-38EEBAAE4CC6}.Release|Any CPU.Build.0 = Release|Any CPU
		{C15CC9F0-35FA-4540-B688-665436B91F36}.Debug|Any CPU.ActiveCfg = Debug|Any CPU
		{C15CC9F0-35FA-4540-B688-665436B91F36}.Debug|Any CPU.Build.0 = Debug|Any CPU
		{C15CC9F0-35FA-4540-B688-665436B91F36}.Release|Any CPU.ActiveCfg = Release|Any CPU
		{C15CC9F0-35FA-4540-B688-665436B91F36}.Release|Any CPU.Build.0 = Release|Any CPU
		{7C4EB495-12A2-418D-B56C-26B69657EF20}.Debug|Any CPU.ActiveCfg = Debug|Any CPU
		{7C4EB495-12A2-418D-B56C-26B69657EF20}.Debug|Any CPU.Build.0 = Debug|Any CPU
		{7C4EB495-12A2-418D-B56C-26B69657EF20}.Release|Any CPU.ActiveCfg = Release|Any CPU
		{7C4EB495-12A2-418D-B56C-26B69657EF20}.Release|Any CPU.Build.0 = Release|Any CPU
		{978B99A5-8B1E-42DD-BBAC-36F246B868B0}.Debug|Any CPU.ActiveCfg = Debug|Any CPU
		{978B99A5-8B1E-42DD-BBAC-36F246B868B0}.Debug|Any CPU.Build.0 = Debug|Any CPU
		{978B99A5-8B1E-42DD-BBAC-36F246B868B0}.Release|Any CPU.ActiveCfg = Release|Any CPU
		{978B99A5-8B1E-42DD-BBAC-36F246B868B0}.Release|Any CPU.Build.0 = Release|Any CPU
		{5283C06B-EAE9-4B66-9660-A974E2DED728}.Debug|Any CPU.ActiveCfg = Debug|Any CPU
		{5283C06B-EAE9-4B66-9660-A974E2DED728}.Debug|Any CPU.Build.0 = Debug|Any CPU
		{5283C06B-EAE9-4B66-9660-A974E2DED728}.Release|Any CPU.ActiveCfg = Release|Any CPU
		{5283C06B-EAE9-4B66-9660-A974E2DED728}.Release|Any CPU.Build.0 = Release|Any CPU
		{C072FFD5-0A1F-424A-8966-7B59BD7C6E34}.Debug|Any CPU.ActiveCfg = Debug|Any CPU
		{C072FFD5-0A1F-424A-8966-7B59BD7C6E34}.Debug|Any CPU.Build.0 = Debug|Any CPU
		{C072FFD5-0A1F-424A-8966-7B59BD7C6E34}.Release|Any CPU.ActiveCfg = Release|Any CPU
		{C072FFD5-0A1F-424A-8966-7B59BD7C6E34}.Release|Any CPU.Build.0 = Release|Any CPU
		{882BEF23-73A2-4712-A55C-2CC7922CF2D6}.Debug|Any CPU.ActiveCfg = Debug|Any CPU
		{882BEF23-73A2-4712-A55C-2CC7922CF2D6}.Debug|Any CPU.Build.0 = Debug|Any CPU
		{882BEF23-73A2-4712-A55C-2CC7922CF2D6}.Release|Any CPU.ActiveCfg = Release|Any CPU
		{882BEF23-73A2-4712-A55C-2CC7922CF2D6}.Release|Any CPU.Build.0 = Release|Any CPU
		{23AAC8D7-875E-4D7B-89C3-2EAAF5BB99B5}.Debug|Any CPU.ActiveCfg = Debug|Any CPU
		{23AAC8D7-875E-4D7B-89C3-2EAAF5BB99B5}.Debug|Any CPU.Build.0 = Debug|Any CPU
		{23AAC8D7-875E-4D7B-89C3-2EAAF5BB99B5}.Release|Any CPU.ActiveCfg = Release|Any CPU
		{23AAC8D7-875E-4D7B-89C3-2EAAF5BB99B5}.Release|Any CPU.Build.0 = Release|Any CPU
	EndGlobalSection
	GlobalSection(SolutionProperties) = preSolution
		HideSolutionNode = FALSE
	EndGlobalSection
	GlobalSection(ExtensibilityGlobals) = postSolution
		SolutionGuid = {530EC673-969D-4A67-A7EC-F82D10C58947}
	EndGlobalSection
EndGlobal
