
Microsoft Visual Studio Solution File, Format Version 12.00
# Visual Studio Version 17
VisualStudioVersion = 17.7.34202.233
MinimumVisualStudioVersion = 10.0.40219.1
Project("{FAE04EC0-301F-11D3-BF4B-00C04F79EFBC}") = "01. Square Root", "01. Square Root\01. Square Root.csproj", "{5D9F014F-138E-4ED3-B1C6-1AE74C5B6CD2}"
EndProject
Project("{FAE04EC0-301F-11D3-BF4B-00C04F79EFBC}") = "02. Enter Numbers", "02. Enter Numbers\02. Enter Numbers.csproj", "{008A0E60-B39D-493B-A801-E84B1CFDA518}"
EndProject
Project("{FAE04EC0-301F-11D3-BF4B-00C04F79EFBC}") = "03. Sum of Integers", "03. Sum of Integers\03. Sum of Integers.csproj", "{CCBEB4A6-B7DA-4172-BB9F-812C877EF539}"
EndProject
Global
	GlobalSection(SolutionConfigurationPlatforms) = preSolution
		Debug|Any CPU = Debug|Any CPU
		Release|Any CPU = Release|Any CPU
	EndGlobalSection
	GlobalSection(ProjectConfigurationPlatforms) = postSolution
		{5D9F014F-138E-4ED3-B1C6-1AE74C5B6CD2}.Debug|Any CPU.ActiveCfg = Debug|Any CPU
		{5D9F014F-138E-4ED3-B1C6-1AE74C5B6CD2}.Debug|Any CPU.Build.0 = Debug|Any CPU
		{5D9F014F-138E-4ED3-B1C6-1AE74C5B6CD2}.Release|Any CPU.ActiveCfg = Release|Any CPU
		{5D9F014F-138E-4ED3-B1C6-1AE74C5B6CD2}.Release|Any CPU.Build.0 = Release|Any CPU
		{008A0E60-B39D-493B-A801-E84B1CFDA518}.Debug|Any CPU.ActiveCfg = Debug|Any CPU
		{008A0E60-B39D-493B-A801-E84B1CFDA518}.Debug|Any CPU.Build.0 = Debug|Any CPU
		{008A0E60-B39D-493B-A801-E84B1CFDA518}.Release|Any CPU.ActiveCfg = Release|Any CPU
		{008A0E60-B39D-493B-A801-E84B1CFDA518}.Release|Any CPU.Build.0 = Release|Any CPU
		{CCBEB4A6-B7DA-4172-BB9F-812C877EF539}.Debug|Any CPU.ActiveCfg = Debug|Any CPU
		{CCBEB4A6-B7DA-4172-BB9F-812C877EF539}.Debug|Any CPU.Build.0 = Debug|Any CPU
		{CCBEB4A6-B7DA-4172-BB9F-812C877EF539}.Release|Any CPU.ActiveCfg = Release|Any CPU
		{CCBEB4A6-B7DA-4172-BB9F-812C877EF539}.Release|Any CPU.Build.0 = Release|Any CPU
	EndGlobalSection
	GlobalSection(SolutionProperties) = preSolution
		HideSolutionNode = FALSE
	EndGlobalSection
	GlobalSection(ExtensibilityGlobals) = postSolution
		SolutionGuid = {6A52F9B6-B63F-43D9-A487-14F0FD149131}
	EndGlobalSection
EndGlobal
