
Microsoft Visual Studio Solution File, Format Version 12.00
# Visual Studio Version 17
VisualStudioVersion = 17.7.34202.233
MinimumVisualStudioVersion = 10.0.40219.1
Project("{FAE04EC0-301F-11D3-BF4B-00C04F79EFBC}") = "01. Count Real Numbers", "01. Count Real Numbers\01. Count Real Numbers.csproj", "{55967768-60B3-413C-ADC7-2BE64952E1C4}"
EndProject
Project("{FAE04EC0-301F-11D3-BF4B-00C04F79EFBC}") = "00 Demos", "00 Demos\00 Demos.csproj", "{1EA58154-3276-416E-A146-759ECEFBF354}"
EndProject
Project("{FAE04EC0-301F-11D3-BF4B-00C04F79EFBC}") = "02. Odd Occurrences", "02. Odd Occurrences\02. Odd Occurrences.csproj", "{DB1897E0-32D6-4A9D-ADFB-ABA84894BEC8}"
EndProject
Project("{FAE04EC0-301F-11D3-BF4B-00C04F79EFBC}") = "03. Word Synonyms", "03. Word Synonyms\03. Word Synonyms.csproj", "{CB336CB1-754E-42C9-92C5-9AF7F962E3EA}"
EndProject
Project("{FAE04EC0-301F-11D3-BF4B-00C04F79EFBC}") = "04. Word Filter", "04. Word Filter\04. Word Filter.csproj", "{04EFA4E8-514B-4D02-A30F-1BCAA7F7C5D7}"
EndProject
Global
	GlobalSection(SolutionConfigurationPlatforms) = preSolution
		Debug|Any CPU = Debug|Any CPU
		Release|Any CPU = Release|Any CPU
	EndGlobalSection
	GlobalSection(ProjectConfigurationPlatforms) = postSolution
		{55967768-60B3-413C-ADC7-2BE64952E1C4}.Debug|Any CPU.ActiveCfg = Debug|Any CPU
		{55967768-60B3-413C-ADC7-2BE64952E1C4}.Debug|Any CPU.Build.0 = Debug|Any CPU
		{55967768-60B3-413C-ADC7-2BE64952E1C4}.Release|Any CPU.ActiveCfg = Release|Any CPU
		{55967768-60B3-413C-ADC7-2BE64952E1C4}.Release|Any CPU.Build.0 = Release|Any CPU
		{1EA58154-3276-416E-A146-759ECEFBF354}.Debug|Any CPU.ActiveCfg = Debug|Any CPU
		{1EA58154-3276-416E-A146-759ECEFBF354}.Debug|Any CPU.Build.0 = Debug|Any CPU
		{1EA58154-3276-416E-A146-759ECEFBF354}.Release|Any CPU.ActiveCfg = Release|Any CPU
		{1EA58154-3276-416E-A146-759ECEFBF354}.Release|Any CPU.Build.0 = Release|Any CPU
		{DB1897E0-32D6-4A9D-ADFB-ABA84894BEC8}.Debug|Any CPU.ActiveCfg = Debug|Any CPU
		{DB1897E0-32D6-4A9D-ADFB-ABA84894BEC8}.Debug|Any CPU.Build.0 = Debug|Any CPU
		{DB1897E0-32D6-4A9D-ADFB-ABA84894BEC8}.Release|Any CPU.ActiveCfg = Release|Any CPU
		{DB1897E0-32D6-4A9D-ADFB-ABA84894BEC8}.Release|Any CPU.Build.0 = Release|Any CPU
		{CB336CB1-754E-42C9-92C5-9AF7F962E3EA}.Debug|Any CPU.ActiveCfg = Debug|Any CPU
		{CB336CB1-754E-42C9-92C5-9AF7F962E3EA}.Debug|Any CPU.Build.0 = Debug|Any CPU
		{CB336CB1-754E-42C9-92C5-9AF7F962E3EA}.Release|Any CPU.ActiveCfg = Release|Any CPU
		{CB336CB1-754E-42C9-92C5-9AF7F962E3EA}.Release|Any CPU.Build.0 = Release|Any CPU
		{04EFA4E8-514B-4D02-A30F-1BCAA7F7C5D7}.Debug|Any CPU.ActiveCfg = Debug|Any CPU
		{04EFA4E8-514B-4D02-A30F-1BCAA7F7C5D7}.Debug|Any CPU.Build.0 = Debug|Any CPU
		{04EFA4E8-514B-4D02-A30F-1BCAA7F7C5D7}.Release|Any CPU.ActiveCfg = Release|Any CPU
		{04EFA4E8-514B-4D02-A30F-1BCAA7F7C5D7}.Release|Any CPU.Build.0 = Release|Any CPU
	EndGlobalSection
	GlobalSection(SolutionProperties) = preSolution
		HideSolutionNode = FALSE
	EndGlobalSection
	GlobalSection(ExtensibilityGlobals) = postSolution
		SolutionGuid = {133FF9E0-6511-4586-BAFA-EA804963EB43}
	EndGlobalSection
EndGlobal
