
Microsoft Visual Studio Solution File, Format Version 12.00
# Visual Studio Version 17
VisualStudioVersion = 17.7.34202.233
MinimumVisualStudioVersion = 10.0.40219.1
Project("{FAE04EC0-301F-11D3-BF4B-00C04F79EFBC}") = "01. Match Full Name", "01. Match Full Name\01. Match Full Name.csproj", "{EB7DD27D-8C7B-4CC7-8DA3-62F5C3777889}"
EndProject
Global
	GlobalSection(SolutionConfigurationPlatforms) = preSolution
		Debug|Any CPU = Debug|Any CPU
		Release|Any CPU = Release|Any CPU
	EndGlobalSection
	GlobalSection(ProjectConfigurationPlatforms) = postSolution
		{EB7DD27D-8C7B-4CC7-8DA3-62F5C3777889}.Debug|Any CPU.ActiveCfg = Debug|Any CPU
		{EB7DD27D-8C7B-4CC7-8DA3-62F5C3777889}.Debug|Any CPU.Build.0 = Debug|Any CPU
		{EB7DD27D-8C7B-4CC7-8DA3-62F5C3777889}.Release|Any CPU.ActiveCfg = Release|Any CPU
		{EB7DD27D-8C7B-4CC7-8DA3-62F5C3777889}.Release|Any CPU.Build.0 = Release|Any CPU
	EndGlobalSection
	GlobalSection(SolutionProperties) = preSolution
		HideSolutionNode = FALSE
	EndGlobalSection
	GlobalSection(ExtensibilityGlobals) = postSolution
		SolutionGuid = {8FBB6402-6AA0-4C6D-92D0-790F6C66AC5D}
	EndGlobalSection
EndGlobal
