
Microsoft Visual Studio Solution File, Format Version 12.00
# Visual Studio Version 17
VisualStudioVersion = 17.7.34202.233
MinimumVisualStudioVersion = 10.0.40219.1
Project("{FAE04EC0-301F-11D3-BF4B-00C04F79EFBC}") = "01. Calculate Average Grade", "1\01. Calculate Average Grade.csproj", "{6E675401-22F6-4A72-A466-3DD7CF466B76}"
EndProject
Project("{FAE04EC0-301F-11D3-BF4B-00C04F79EFBC}") = "02. Rotations", "ConsoleApp1\02. Rotations.csproj", "{418E62F6-7684-4E6D-A15F-9F2951AC4866}"
EndProject
Global
	GlobalSection(SolutionConfigurationPlatforms) = preSolution
		Debug|Any CPU = Debug|Any CPU
		Release|Any CPU = Release|Any CPU
	EndGlobalSection
	GlobalSection(ProjectConfigurationPlatforms) = postSolution
		{6E675401-22F6-4A72-A466-3DD7CF466B76}.Debug|Any CPU.ActiveCfg = Debug|Any CPU
		{6E675401-22F6-4A72-A466-3DD7CF466B76}.Debug|Any CPU.Build.0 = Debug|Any CPU
		{6E675401-22F6-4A72-A466-3DD7CF466B76}.Release|Any CPU.ActiveCfg = Release|Any CPU
		{6E675401-22F6-4A72-A466-3DD7CF466B76}.Release|Any CPU.Build.0 = Release|Any CPU
		{418E62F6-7684-4E6D-A15F-9F2951AC4866}.Debug|Any CPU.ActiveCfg = Debug|Any CPU
		{418E62F6-7684-4E6D-A15F-9F2951AC4866}.Debug|Any CPU.Build.0 = Debug|Any CPU
		{418E62F6-7684-4E6D-A15F-9F2951AC4866}.Release|Any CPU.ActiveCfg = Release|Any CPU
		{418E62F6-7684-4E6D-A15F-9F2951AC4866}.Release|Any CPU.Build.0 = Release|Any CPU
	EndGlobalSection
	GlobalSection(SolutionProperties) = preSolution
		HideSolutionNode = FALSE
	EndGlobalSection
	GlobalSection(ExtensibilityGlobals) = postSolution
		SolutionGuid = {5C84B167-121F-4958-83C0-DB328EB9B60F}
	EndGlobalSection
EndGlobal
